// !$*UTF8*$!
{
	archiveVersion = 1;
	classes = {
	};
	objectVersion = 56;
	objects = {

/* Begin PBXBuildFile section */
		D50450CB2C072DD900CD1F46 /* AppDelegate.swift in Sources */ = {isa = PBXBuildFile; fileRef = D50450CA2C072DD900CD1F46 /* AppDelegate.swift */; };
		D50450CD2C072DD900CD1F46 /* SceneDelegate.swift in Sources */ = {isa = PBXBuildFile; fileRef = D50450CC2C072DD900CD1F46 /* SceneDelegate.swift */; };
		D50450D42C072DDE00CD1F46 /* Assets.xcassets in Resources */ = {isa = PBXBuildFile; fileRef = D50450D32C072DDE00CD1F46 /* Assets.xcassets */; };
		D50450D72C072DDE00CD1F46 /* Base in Resources */ = {isa = PBXBuildFile; fileRef = D50450D62C072DDE00CD1F46 /* Base */; };
		D50450E52C07314F00CD1F46 /* HomeVC.swift in Sources */ = {isa = PBXBuildFile; fileRef = D50450E42C07314F00CD1F46 /* HomeVC.swift */; };
		D50450E92C07319A00CD1F46 /* ExploreVC.swift in Sources */ = {isa = PBXBuildFile; fileRef = D50450E82C07319A00CD1F46 /* ExploreVC.swift */; };
		D50450EB2C0731A700CD1F46 /* CameraVC.swift in Sources */ = {isa = PBXBuildFile; fileRef = D50450EA2C0731A700CD1F46 /* CameraVC.swift */; };
		D50450ED2C0731BC00CD1F46 /* NotificationVC.swift in Sources */ = {isa = PBXBuildFile; fileRef = D50450EC2C0731BC00CD1F46 /* NotificationVC.swift */; };
		D50450EF2C0731CB00CD1F46 /* ProfileVC.swift in Sources */ = {isa = PBXBuildFile; fileRef = D50450EE2C0731CB00CD1F46 /* ProfileVC.swift */; };
		D50450F12C0731DF00CD1F46 /* UserListVC.swift in Sources */ = {isa = PBXBuildFile; fileRef = D50450F02C0731DF00CD1F46 /* UserListVC.swift */; };
		D50450F32C0731EF00CD1F46 /* SignInVC.swift in Sources */ = {isa = PBXBuildFile; fileRef = D50450F22C0731EF00CD1F46 /* SignInVC.swift */; };
		D50450F52C0731FB00CD1F46 /* SignUpVC.swift in Sources */ = {isa = PBXBuildFile; fileRef = D50450F42C0731FB00CD1F46 /* SignUpVC.swift */; };
		D50450F72C07320F00CD1F46 /* SettingVC.swift in Sources */ = {isa = PBXBuildFile; fileRef = D50450F62C07320F00CD1F46 /* SettingVC.swift */; };
		D50450F92C07322D00CD1F46 /* TabBarVC.swift in Sources */ = {isa = PBXBuildFile; fileRef = D50450F82C07322D00CD1F46 /* TabBarVC.swift */; };
		D50450FB2C07325100CD1F46 /* PostVC.swift in Sources */ = {isa = PBXBuildFile; fileRef = D50450FA2C07325100CD1F46 /* PostVC.swift */; };
		D50450FD2C07326600CD1F46 /* APICaller.swift in Sources */ = {isa = PBXBuildFile; fileRef = D50450FC2C07326600CD1F46 /* APICaller.swift */; };
		D50450FF2C07327400CD1F46 /* StorageManager.swift in Sources */ = {isa = PBXBuildFile; fileRef = D50450FE2C07327400CD1F46 /* StorageManager.swift */; };
		D50451012C07328700CD1F46 /* DatabaseManager.swift in Sources */ = {isa = PBXBuildFile; fileRef = D50451002C07328700CD1F46 /* DatabaseManager.swift */; };
		D50451032C07329400CD1F46 /* AuthenticationManager.swift in Sources */ = {isa = PBXBuildFile; fileRef = D50451022C07329400CD1F46 /* AuthenticationManager.swift */; };
		D50451052C0732B100CD1F46 /* HapticsManager.swift in Sources */ = {isa = PBXBuildFile; fileRef = D50451042C0732B100CD1F46 /* HapticsManager.swift */; };
		D504510A2C0736F800CD1F46 /* FirebaseAnalytics in Frameworks */ = {isa = PBXBuildFile; productRef = D50451092C0736F800CD1F46 /* FirebaseAnalytics */; };
		D504510C2C0736F800CD1F46 /* FirebaseAuth in Frameworks */ = {isa = PBXBuildFile; productRef = D504510B2C0736F800CD1F46 /* FirebaseAuth */; };
		D504510E2C0736F800CD1F46 /* FirebaseCrashlytics in Frameworks */ = {isa = PBXBuildFile; productRef = D504510D2C0736F800CD1F46 /* FirebaseCrashlytics */; };
		D50451102C0736F800CD1F46 /* FirebaseDatabase in Frameworks */ = {isa = PBXBuildFile; productRef = D504510F2C0736F800CD1F46 /* FirebaseDatabase */; };
		D50451122C0736F800CD1F46 /* FirebaseDatabaseSwift in Frameworks */ = {isa = PBXBuildFile; productRef = D50451112C0736F800CD1F46 /* FirebaseDatabaseSwift */; };
		D50451142C0736F800CD1F46 /* FirebaseStorage in Frameworks */ = {isa = PBXBuildFile; productRef = D50451132C0736F800CD1F46 /* FirebaseStorage */; };
		D50451172C0737FF00CD1F46 /* JGProgressHUD in Frameworks */ = {isa = PBXBuildFile; productRef = D50451162C0737FF00CD1F46 /* JGProgressHUD */; };
		D50451192C0739F800CD1F46 /* GoogleService-Info.plist in Resources */ = {isa = PBXBuildFile; fileRef = D50451182C0739F800CD1F46 /* GoogleService-Info.plist */; };
/* End PBXBuildFile section */

/* Begin PBXFileReference section */
		D50450C72C072DD900CD1F46 /* TikTokUIkit.app */ = {isa = PBXFileReference; explicitFileType = wrapper.application; includeInIndex = 0; path = TikTokUIkit.app; sourceTree = BUILT_PRODUCTS_DIR; };
		D50450CA2C072DD900CD1F46 /* AppDelegate.swift */ = {isa = PBXFileReference; lastKnownFileType = sourcecode.swift; path = AppDelegate.swift; sourceTree = "<group>"; };
		D50450CC2C072DD900CD1F46 /* SceneDelegate.swift */ = {isa = PBXFileReference; lastKnownFileType = sourcecode.swift; path = SceneDelegate.swift; sourceTree = "<group>"; };
		D50450D32C072DDE00CD1F46 /* Assets.xcassets */ = {isa = PBXFileReference; lastKnownFileType = folder.assetcatalog; path = Assets.xcassets; sourceTree = "<group>"; };
		D50450D62C072DDE00CD1F46 /* Base */ = {isa = PBXFileReference; lastKnownFileType = file.storyboard; name = Base; path = Base.lproj/LaunchScreen.storyboard; sourceTree = "<group>"; };
		D50450D82C072DDE00CD1F46 /* Info.plist */ = {isa = PBXFileReference; lastKnownFileType = text.plist.xml; path = Info.plist; sourceTree = "<group>"; };
		D50450E42C07314F00CD1F46 /* HomeVC.swift */ = {isa = PBXFileReference; lastKnownFileType = sourcecode.swift; path = HomeVC.swift; sourceTree = "<group>"; };
		D50450E82C07319A00CD1F46 /* ExploreVC.swift */ = {isa = PBXFileReference; lastKnownFileType = sourcecode.swift; path = ExploreVC.swift; sourceTree = "<group>"; };
		D50450EA2C0731A700CD1F46 /* CameraVC.swift */ = {isa = PBXFileReference; lastKnownFileType = sourcecode.swift; path = CameraVC.swift; sourceTree = "<group>"; };
		D50450EC2C0731BC00CD1F46 /* NotificationVC.swift */ = {isa = PBXFileReference; lastKnownFileType = sourcecode.swift; path = NotificationVC.swift; sourceTree = "<group>"; };
		D50450EE2C0731CB00CD1F46 /* ProfileVC.swift */ = {isa = PBXFileReference; lastKnownFileType = sourcecode.swift; path = ProfileVC.swift; sourceTree = "<group>"; };
		D50450F02C0731DF00CD1F46 /* UserListVC.swift */ = {isa = PBXFileReference; lastKnownFileType = sourcecode.swift; path = UserListVC.swift; sourceTree = "<group>"; };
		D50450F22C0731EF00CD1F46 /* SignInVC.swift */ = {isa = PBXFileReference; lastKnownFileType = sourcecode.swift; path = SignInVC.swift; sourceTree = "<group>"; };
		D50450F42C0731FB00CD1F46 /* SignUpVC.swift */ = {isa = PBXFileReference; lastKnownFileType = sourcecode.swift; path = SignUpVC.swift; sourceTree = "<group>"; };
		D50450F62C07320F00CD1F46 /* SettingVC.swift */ = {isa = PBXFileReference; lastKnownFileType = sourcecode.swift; path = SettingVC.swift; sourceTree = "<group>"; };
		D50450F82C07322D00CD1F46 /* TabBarVC.swift */ = {isa = PBXFileReference; lastKnownFileType = sourcecode.swift; path = TabBarVC.swift; sourceTree = "<group>"; };
		D50450FA2C07325100CD1F46 /* PostVC.swift */ = {isa = PBXFileReference; lastKnownFileType = sourcecode.swift; path = PostVC.swift; sourceTree = "<group>"; };
		D50450FC2C07326600CD1F46 /* APICaller.swift */ = {isa = PBXFileReference; lastKnownFileType = sourcecode.swift; path = APICaller.swift; sourceTree = "<group>"; };
		D50450FE2C07327400CD1F46 /* StorageManager.swift */ = {isa = PBXFileReference; lastKnownFileType = sourcecode.swift; path = StorageManager.swift; sourceTree = "<group>"; };
		D50451002C07328700CD1F46 /* DatabaseManager.swift */ = {isa = PBXFileReference; lastKnownFileType = sourcecode.swift; path = DatabaseManager.swift; sourceTree = "<group>"; };
		D50451022C07329400CD1F46 /* AuthenticationManager.swift */ = {isa = PBXFileReference; lastKnownFileType = sourcecode.swift; path = AuthenticationManager.swift; sourceTree = "<group>"; };
		D50451042C0732B100CD1F46 /* HapticsManager.swift */ = {isa = PBXFileReference; lastKnownFileType = sourcecode.swift; path = HapticsManager.swift; sourceTree = "<group>"; };
		D50451182C0739F800CD1F46 /* GoogleService-Info.plist */ = {isa = PBXFileReference; fileEncoding = 4; lastKnownFileType = text.plist.xml; path = "GoogleService-Info.plist"; sourceTree = "<group>"; };
/* End PBXFileReference section */

/* Begin PBXFrameworksBuildPhase section */
		D50450C42C072DD900CD1F46 /* Frameworks */ = {
			isa = PBXFrameworksBuildPhase;
			buildActionMask = 2147483647;
			files = (
				D50451122C0736F800CD1F46 /* FirebaseDatabaseSwift in Frameworks */,
				D50451172C0737FF00CD1F46 /* JGProgressHUD in Frameworks */,
				D504510E2C0736F800CD1F46 /* FirebaseCrashlytics in Frameworks */,
				D504510A2C0736F800CD1F46 /* FirebaseAnalytics in Frameworks */,
				D50451102C0736F800CD1F46 /* FirebaseDatabase in Frameworks */,
				D504510C2C0736F800CD1F46 /* FirebaseAuth in Frameworks */,
				D50451142C0736F800CD1F46 /* FirebaseStorage in Frameworks */,
			);
			runOnlyForDeploymentPostprocessing = 0;
		};
/* End PBXFrameworksBuildPhase section */

/* Begin PBXGroup section */
		D50450BE2C072DD900CD1F46 = {
			isa = PBXGroup;
			children = (
				D50450C92C072DD900CD1F46 /* TikTokUIkit */,
				D50450C82C072DD900CD1F46 /* Products */,
			);
			sourceTree = "<group>";
		};
		D50450C82C072DD900CD1F46 /* Products */ = {
			isa = PBXGroup;
			children = (
				D50450C72C072DD900CD1F46 /* TikTokUIkit.app */,
			);
			name = Products;
			sourceTree = "<group>";
		};
		D50450C92C072DD900CD1F46 /* TikTokUIkit */ = {
			isa = PBXGroup;
			children = (
				D50450DE2C0730D200CD1F46 /* Resorces */,
				D50450E32C07310F00CD1F46 /* Manages */,
				D50450E22C07310400CD1F46 /* ViewModels */,
				D50450E12C0730FE00CD1F46 /* Models */,
				D50450E02C0730F300CD1F46 /* Views */,
				D50450DF2C0730E900CD1F46 /* Controllers */,
				D50450D82C072DDE00CD1F46 /* Info.plist */,
				D50451182C0739F800CD1F46 /* GoogleService-Info.plist */,
			);
			path = TikTokUIkit;
			sourceTree = "<group>";
		};
		D50450DE2C0730D200CD1F46 /* Resorces */ = {
			isa = PBXGroup;
			children = (
				D50450D32C072DDE00CD1F46 /* Assets.xcassets */,
				D50450CA2C072DD900CD1F46 /* AppDelegate.swift */,
				D50450CC2C072DD900CD1F46 /* SceneDelegate.swift */,
			);
			path = Resorces;
			sourceTree = "<group>";
		};
		D50450DF2C0730E900CD1F46 /* Controllers */ = {
			isa = PBXGroup;
			children = (
				D50450E72C07317500CD1F46 /* Others */,
				D50450E62C07316F00CD1F46 /* Core */,
			);
			path = Controllers;
			sourceTree = "<group>";
		};
		D50450E02C0730F300CD1F46 /* Views */ = {
			isa = PBXGroup;
			children = (
				D50450D52C072DDE00CD1F46 /* LaunchScreen.storyboard */,
			);
			path = Views;
			sourceTree = "<group>";
		};
		D50450E12C0730FE00CD1F46 /* Models */ = {
			isa = PBXGroup;
			children = (
			);
			path = Models;
			sourceTree = "<group>";
		};
		D50450E22C07310400CD1F46 /* ViewModels */ = {
			isa = PBXGroup;
			children = (
			);
			path = ViewModels;
			sourceTree = "<group>";
		};
		D50450E32C07310F00CD1F46 /* Manages */ = {
			isa = PBXGroup;
			children = (
				D50450FC2C07326600CD1F46 /* APICaller.swift */,
				D50450FE2C07327400CD1F46 /* StorageManager.swift */,
				D50451002C07328700CD1F46 /* DatabaseManager.swift */,
				D50451022C07329400CD1F46 /* AuthenticationManager.swift */,
				D50451042C0732B100CD1F46 /* HapticsManager.swift */,
			);
			path = Manages;
			sourceTree = "<group>";
		};
		D50450E62C07316F00CD1F46 /* Core */ = {
			isa = PBXGroup;
			children = (
				D50450E42C07314F00CD1F46 /* HomeVC.swift */,
				D50450E82C07319A00CD1F46 /* ExploreVC.swift */,
				D50450EA2C0731A700CD1F46 /* CameraVC.swift */,
				D50450EC2C0731BC00CD1F46 /* NotificationVC.swift */,
				D50450EE2C0731CB00CD1F46 /* ProfileVC.swift */,
			);
			path = Core;
			sourceTree = "<group>";
		};
		D50450E72C07317500CD1F46 /* Others */ = {
			isa = PBXGroup;
			children = (
				D50450F02C0731DF00CD1F46 /* UserListVC.swift */,
				D50450F22C0731EF00CD1F46 /* SignInVC.swift */,
				D50450F42C0731FB00CD1F46 /* SignUpVC.swift */,
				D50450F62C07320F00CD1F46 /* SettingVC.swift */,
				D50450F82C07322D00CD1F46 /* TabBarVC.swift */,
				D50450FA2C07325100CD1F46 /* PostVC.swift */,
			);
			path = Others;
			sourceTree = "<group>";
		};
/* End PBXGroup section */

/* Begin PBXNativeTarget section */
		D50450C62C072DD900CD1F46 /* TikTokUIkit */ = {
			isa = PBXNativeTarget;
			buildConfigurationList = D50450DB2C072DDE00CD1F46 /* Build configuration list for PBXNativeTarget "TikTokUIkit" */;
			buildPhases = (
				D50450C32C072DD900CD1F46 /* Sources */,
				D50450C42C072DD900CD1F46 /* Frameworks */,
				D50450C52C072DD900CD1F46 /* Resources */,
			);
			buildRules = (
			);
			dependencies = (
			);
			name = TikTokUIkit;
			packageProductDependencies = (
				D50451092C0736F800CD1F46 /* FirebaseAnalytics */,
				D504510B2C0736F800CD1F46 /* FirebaseAuth */,
				D504510D2C0736F800CD1F46 /* FirebaseCrashlytics */,
				D504510F2C0736F800CD1F46 /* FirebaseDatabase */,
				D50451112C0736F800CD1F46 /* FirebaseDatabaseSwift */,
				D50451132C0736F800CD1F46 /* FirebaseStorage */,
				D50451162C0737FF00CD1F46 /* JGProgressHUD */,
			);
			productName = TikTokUIkit;
			productReference = D50450C72C072DD900CD1F46 /* TikTokUIkit.app */;
			productType = "com.apple.product-type.application";
		};
/* End PBXNativeTarget section */

/* Begin PBXProject section */
		D50450BF2C072DD900CD1F46 /* Project object */ = {
			isa = PBXProject;
			attributes = {
				BuildIndependentTargetsInParallel = 1;
				LastSwiftUpdateCheck = 1530;
				LastUpgradeCheck = 1530;
				TargetAttributes = {
					D50450C62C072DD900CD1F46 = {
						CreatedOnToolsVersion = 15.3;
					};
				};
			};
			buildConfigurationList = D50450C22C072DD900CD1F46 /* Build configuration list for PBXProject "TikTokUIkit" */;
			compatibilityVersion = "Xcode 14.0";
			developmentRegion = en;
			hasScannedForEncodings = 0;
			knownRegions = (
				en,
				Base,
			);
			mainGroup = D50450BE2C072DD900CD1F46;
			packageReferences = (
				D50451082C0736F800CD1F46 /* XCRemoteSwiftPackageReference "firebase-ios-sdk" */,
				D50451152C0737FF00CD1F46 /* XCRemoteSwiftPackageReference "JGProgressHUD" */,
			);
			productRefGroup = D50450C82C072DD900CD1F46 /* Products */;
			projectDirPath = "";
			projectRoot = "";
			targets = (
				D50450C62C072DD900CD1F46 /* TikTokUIkit */,
			);
		};
/* End PBXProject section */

/* Begin PBXResourcesBuildPhase section */
		D50450C52C072DD900CD1F46 /* Resources */ = {
			isa = PBXResourcesBuildPhase;
			buildActionMask = 2147483647;
			files = (
				D50450D42C072DDE00CD1F46 /* Assets.xcassets in Resources */,
				D50450D72C072DDE00CD1F46 /* Base in Resources */,
				D50451192C0739F800CD1F46 /* GoogleService-Info.plist in Resources */,
			);
			runOnlyForDeploymentPostprocessing = 0;
		};
/* End PBXResourcesBuildPhase section */

/* Begin PBXSourcesBuildPhase section */
		D50450C32C072DD900CD1F46 /* Sources */ = {
			isa = PBXSourcesBuildPhase;
			buildActionMask = 2147483647;
			files = (
				D50451052C0732B100CD1F46 /* HapticsManager.swift in Sources */,
				D50451012C07328700CD1F46 /* DatabaseManager.swift in Sources */,
				D50450FB2C07325100CD1F46 /* PostVC.swift in Sources */,
				D50450E52C07314F00CD1F46 /* HomeVC.swift in Sources */,
				D50450ED2C0731BC00CD1F46 /* NotificationVC.swift in Sources */,
				D50450FD2C07326600CD1F46 /* APICaller.swift in Sources */,
				D50450F32C0731EF00CD1F46 /* SignInVC.swift in Sources */,
				D50450EF2C0731CB00CD1F46 /* ProfileVC.swift in Sources */,
				D50450CB2C072DD900CD1F46 /* AppDelegate.swift in Sources */,
				D50450EB2C0731A700CD1F46 /* CameraVC.swift in Sources */,
				D50450E92C07319A00CD1F46 /* ExploreVC.swift in Sources */,
				D50451032C07329400CD1F46 /* AuthenticationManager.swift in Sources */,
				D50450F72C07320F00CD1F46 /* SettingVC.swift in Sources */,
				D50450CD2C072DD900CD1F46 /* SceneDelegate.swift in Sources */,
				D50450F52C0731FB00CD1F46 /* SignUpVC.swift in Sources */,
				D50450FF2C07327400CD1F46 /* StorageManager.swift in Sources */,
				D50450F92C07322D00CD1F46 /* TabBarVC.swift in Sources */,
				D50450F12C0731DF00CD1F46 /* UserListVC.swift in Sources */,
			);
			runOnlyForDeploymentPostprocessing = 0;
		};
/* End PBXSourcesBuildPhase section */

/* Begin PBXVariantGroup section */
		D50450D52C072DDE00CD1F46 /* LaunchScreen.storyboard */ = {
			isa = PBXVariantGroup;
			children = (
				D50450D62C072DDE00CD1F46 /* Base */,
			);
			name = LaunchScreen.storyboard;
			sourceTree = "<group>";
		};
/* End PBXVariantGroup section */

/* Begin XCBuildConfiguration section */
		D50450D92C072DDE00CD1F46 /* Debug */ = {
			isa = XCBuildConfiguration;
			buildSettings = {
				ALWAYS_SEARCH_USER_PATHS = NO;
				ASSETCATALOG_COMPILER_GENERATE_SWIFT_ASSET_SYMBOL_EXTENSIONS = YES;
				CLANG_ANALYZER_NONNULL = YES;
				CLANG_ANALYZER_NUMBER_OBJECT_CONVERSION = YES_AGGRESSIVE;
				CLANG_CXX_LANGUAGE_STANDARD = "gnu++20";
				CLANG_ENABLE_MODULES = YES;
				CLANG_ENABLE_OBJC_ARC = YES;
				CLANG_ENABLE_OBJC_WEAK = YES;
				CLANG_WARN_BLOCK_CAPTURE_AUTORELEASING = YES;
				CLANG_WARN_BOOL_CONVERSION = YES;
				CLANG_WARN_COMMA = YES;
				CLANG_WARN_CONSTANT_CONVERSION = YES;
				CLANG_WARN_DEPRECATED_OBJC_IMPLEMENTATIONS = YES;
				CLANG_WARN_DIRECT_OBJC_ISA_USAGE = YES_ERROR;
				CLANG_WARN_DOCUMENTATION_COMMENTS = YES;
				CLANG_WARN_EMPTY_BODY = YES;
				CLANG_WARN_ENUM_CONVERSION = YES;
				CLANG_WARN_INFINITE_RECURSION = YES;
				CLANG_WARN_INT_CONVERSION = YES;
				CLANG_WARN_NON_LITERAL_NULL_CONVERSION = YES;
				CLANG_WARN_OBJC_IMPLICIT_RETAIN_SELF = YES;
				CLANG_WARN_OBJC_LITERAL_CONVERSION = YES;
				CLANG_WARN_OBJC_ROOT_CLASS = YES_ERROR;
				CLANG_WARN_QUOTED_INCLUDE_IN_FRAMEWORK_HEADER = YES;
				CLANG_WARN_RANGE_LOOP_ANALYSIS = YES;
				CLANG_WARN_STRICT_PROTOTYPES = YES;
				CLANG_WARN_SUSPICIOUS_MOVE = YES;
				CLANG_WARN_UNGUARDED_AVAILABILITY = YES_AGGRESSIVE;
				CLANG_WARN_UNREACHABLE_CODE = YES;
				CLANG_WARN__DUPLICATE_METHOD_MATCH = YES;
				COPY_PHASE_STRIP = NO;
				DEBUG_INFORMATION_FORMAT = dwarf;
				ENABLE_STRICT_OBJC_MSGSEND = YES;
				ENABLE_TESTABILITY = YES;
				ENABLE_USER_SCRIPT_SANDBOXING = YES;
				GCC_C_LANGUAGE_STANDARD = gnu17;
				GCC_DYNAMIC_NO_PIC = NO;
				GCC_NO_COMMON_BLOCKS = YES;
				GCC_OPTIMIZATION_LEVEL = 0;
				GCC_PREPROCESSOR_DEFINITIONS = (
					"DEBUG=1",
					"$(inherited)",
				);
				GCC_WARN_64_TO_32_BIT_CONVERSION = YES;
				GCC_WARN_ABOUT_RETURN_TYPE = YES_ERROR;
				GCC_WARN_UNDECLARED_SELECTOR = YES;
				GCC_WARN_UNINITIALIZED_AUTOS = YES_AGGRESSIVE;
				GCC_WARN_UNUSED_FUNCTION = YES;
				GCC_WARN_UNUSED_VARIABLE = YES;
				IPHONEOS_DEPLOYMENT_TARGET = 17.4;
				LOCALIZATION_PREFERS_STRING_CATALOGS = YES;
				MTL_ENABLE_DEBUG_INFO = INCLUDE_SOURCE;
				MTL_FAST_MATH = YES;
				ONLY_ACTIVE_ARCH = YES;
				SDKROOT = iphoneos;
				SWIFT_ACTIVE_COMPILATION_CONDITIONS = "DEBUG $(inherited)";
				SWIFT_OPTIMIZATION_LEVEL = "-Onone";
			};
			name = Debug;
		};
		D50450DA2C072DDE00CD1F46 /* Release */ = {
			isa = XCBuildConfiguration;
			buildSettings = {
				ALWAYS_SEARCH_USER_PATHS = NO;
				ASSETCATALOG_COMPILER_GENERATE_SWIFT_ASSET_SYMBOL_EXTENSIONS = YES;
				CLANG_ANALYZER_NONNULL = YES;
				CLANG_ANALYZER_NUMBER_OBJECT_CONVERSION = YES_AGGRESSIVE;
				CLANG_CXX_LANGUAGE_STANDARD = "gnu++20";
				CLANG_ENABLE_MODULES = YES;
				CLANG_ENABLE_OBJC_ARC = YES;
				CLANG_ENABLE_OBJC_WEAK = YES;
				CLANG_WARN_BLOCK_CAPTURE_AUTORELEASING = YES;
				CLANG_WARN_BOOL_CONVERSION = YES;
				CLANG_WARN_COMMA = YES;
				CLANG_WARN_CONSTANT_CONVERSION = YES;
				CLANG_WARN_DEPRECATED_OBJC_IMPLEMENTATIONS = YES;
				CLANG_WARN_DIRECT_OBJC_ISA_USAGE = YES_ERROR;
				CLANG_WARN_DOCUMENTATION_COMMENTS = YES;
				CLANG_WARN_EMPTY_BODY = YES;
				CLANG_WARN_ENUM_CONVERSION = YES;
				CLANG_WARN_INFINITE_RECURSION = YES;
				CLANG_WARN_INT_CONVERSION = YES;
				CLANG_WARN_NON_LITERAL_NULL_CONVERSION = YES;
				CLANG_WARN_OBJC_IMPLICIT_RETAIN_SELF = YES;
				CLANG_WARN_OBJC_LITERAL_CONVERSION = YES;
				CLANG_WARN_OBJC_ROOT_CLASS = YES_ERROR;
				CLANG_WARN_QUOTED_INCLUDE_IN_FRAMEWORK_HEADER = YES;
				CLANG_WARN_RANGE_LOOP_ANALYSIS = YES;
				CLANG_WARN_STRICT_PROTOTYPES = YES;
				CLANG_WARN_SUSPICIOUS_MOVE = YES;
				CLANG_WARN_UNGUARDED_AVAILABILITY = YES_AGGRESSIVE;
				CLANG_WARN_UNREACHABLE_CODE = YES;
				CLANG_WARN__DUPLICATE_METHOD_MATCH = YES;
				COPY_PHASE_STRIP = NO;
				DEBUG_INFORMATION_FORMAT = "dwarf-with-dsym";
				ENABLE_NS_ASSERTIONS = NO;
				ENABLE_STRICT_OBJC_MSGSEND = YES;
				ENABLE_USER_SCRIPT_SANDBOXING = YES;
				GCC_C_LANGUAGE_STANDARD = gnu17;
				GCC_NO_COMMON_BLOCKS = YES;
				GCC_WARN_64_TO_32_BIT_CONVERSION = YES;
				GCC_WARN_ABOUT_RETURN_TYPE = YES_ERROR;
				GCC_WARN_UNDECLARED_SELECTOR = YES;
				GCC_WARN_UNINITIALIZED_AUTOS = YES_AGGRESSIVE;
				GCC_WARN_UNUSED_FUNCTION = YES;
				GCC_WARN_UNUSED_VARIABLE = YES;
				IPHONEOS_DEPLOYMENT_TARGET = 17.4;
				LOCALIZATION_PREFERS_STRING_CATALOGS = YES;
				MTL_ENABLE_DEBUG_INFO = NO;
				MTL_FAST_MATH = YES;
				SDKROOT = iphoneos;
				SWIFT_COMPILATION_MODE = wholemodule;
				VALIDATE_PRODUCT = YES;
			};
			name = Release;
		};
		D50450DC2C072DDE00CD1F46 /* Debug */ = {
			isa = XCBuildConfiguration;
			buildSettings = {
				ASSETCATALOG_COMPILER_APPICON_NAME = AppIcon;
				ASSETCATALOG_COMPILER_GLOBAL_ACCENT_COLOR_NAME = AccentColor;
				CODE_SIGN_STYLE = Automatic;
				CURRENT_PROJECT_VERSION = 1;
				GENERATE_INFOPLIST_FILE = YES;
				INFOPLIST_FILE = TikTokUIkit/Info.plist;
				INFOPLIST_KEY_UIApplicationSupportsIndirectInputEvents = YES;
				INFOPLIST_KEY_UILaunchStoryboardName = LaunchScreen;
				INFOPLIST_KEY_UISupportedInterfaceOrientations = UIInterfaceOrientationPortrait;
				INFOPLIST_KEY_UISupportedInterfaceOrientations_iPad = "UIInterfaceOrientationLandscapeLeft UIInterfaceOrientationLandscapeRight UIInterfaceOrientationPortrait UIInterfaceOrientationPortraitUpsideDown";
				IPHONEOS_DEPLOYMENT_TARGET = 15.0;
				LD_RUNPATH_SEARCH_PATHS = (
					"$(inherited)",
					"@executable_path/Frameworks",
				);
				MARKETING_VERSION = 1.0;
				PRODUCT_BUNDLE_IDENTIFIER = app.hardibsalih.TikTokUIkit;
				PRODUCT_NAME = "$(TARGET_NAME)";
				SWIFT_EMIT_LOC_STRINGS = YES;
				SWIFT_VERSION = 5.0;
				TARGETED_DEVICE_FAMILY = "1,2";
			};
			name = Debug;
		};
		D50450DD2C072DDE00CD1F46 /* Release */ = {
			isa = XCBuildConfiguration;
			buildSettings = {
				ASSETCATALOG_COMPILER_APPICON_NAME = AppIcon;
				ASSETCATALOG_COMPILER_GLOBAL_ACCENT_COLOR_NAME = AccentColor;
				CODE_SIGN_STYLE = Automatic;
				CURRENT_PROJECT_VERSION = 1;
				GENERATE_INFOPLIST_FILE = YES;
				INFOPLIST_FILE = TikTokUIkit/Info.plist;
				INFOPLIST_KEY_UIApplicationSupportsIndirectInputEvents = YES;
				INFOPLIST_KEY_UILaunchStoryboardName = LaunchScreen;
				INFOPLIST_KEY_UISupportedInterfaceOrientations = UIInterfaceOrientationPortrait;
				INFOPLIST_KEY_UISupportedInterfaceOrientations_iPad = "UIInterfaceOrientationLandscapeLeft UIInterfaceOrientationLandscapeRight UIInterfaceOrientationPortrait UIInterfaceOrientationPortraitUpsideDown";
				IPHONEOS_DEPLOYMENT_TARGET = 15.0;
				LD_RUNPATH_SEARCH_PATHS = (
					"$(inherited)",
					"@executable_path/Frameworks",
				);
				MARKETING_VERSION = 1.0;
				PRODUCT_BUNDLE_IDENTIFIER = app.hardibsalih.TikTokUIkit;
				PRODUCT_NAME = "$(TARGET_NAME)";
				SWIFT_EMIT_LOC_STRINGS = YES;
				SWIFT_VERSION = 5.0;
				TARGETED_DEVICE_FAMILY = "1,2";
			};
			name = Release;
		};
/* End XCBuildConfiguration section */

/* Begin XCConfigurationList section */
		D50450C22C072DD900CD1F46 /* Build configuration list for PBXProject "TikTokUIkit" */ = {
			isa = XCConfigurationList;
			buildConfigurations = (
				D50450D92C072DDE00CD1F46 /* Debug */,
				D50450DA2C072DDE00CD1F46 /* Release */,
			);
			defaultConfigurationIsVisible = 0;
			defaultConfigurationName = Release;
		};
		D50450DB2C072DDE00CD1F46 /* Build configuration list for PBXNativeTarget "TikTokUIkit" */ = {
			isa = XCConfigurationList;
			buildConfigurations = (
				D50450DC2C072DDE00CD1F46 /* Debug */,
				D50450DD2C072DDE00CD1F46 /* Release */,
			);
			defaultConfigurationIsVisible = 0;
			defaultConfigurationName = Release;
		};
/* End XCConfigurationList section */

/* Begin XCRemoteSwiftPackageReference section */
		D50451082C0736F800CD1F46 /* XCRemoteSwiftPackageReference "firebase-ios-sdk" */ = {
			isa = XCRemoteSwiftPackageReference;
			repositoryURL = "https://github.com/firebase/firebase-ios-sdk";
			requirement = {
				kind = upToNextMajorVersion;
				minimumVersion = 10.26.0;
			};
		};
		D50451152C0737FF00CD1F46 /* XCRemoteSwiftPackageReference "JGProgressHUD" */ = {
			isa = XCRemoteSwiftPackageReference;
			repositoryURL = "https://github.com/JonasGessner/JGProgressHUD";
			requirement = {
				kind = upToNextMajorVersion;
				minimumVersion = 2.2.0;
			};
		};
/* End XCRemoteSwiftPackageReference section */

/* Begin XCSwiftPackageProductDependency section */
		D50451092C0736F800CD1F46 /* FirebaseAnalytics */ = {
			isa = XCSwiftPackageProductDependency;
			package = D50451082C0736F800CD1F46 /* XCRemoteSwiftPackageReference "firebase-ios-sdk" */;
			productName = FirebaseAnalytics;
		};
		D504510B2C0736F800CD1F46 /* FirebaseAuth */ = {
			isa = XCSwiftPackageProductDependency;
			package = D50451082C0736F800CD1F46 /* XCRemoteSwiftPackageReference "firebase-ios-sdk" */;
			productName = FirebaseAuth;
		};
		D504510D2C0736F800CD1F46 /* FirebaseCrashlytics */ = {
			isa = XCSwiftPackageProductDependency;
			package = D50451082C0736F800CD1F46 /* XCRemoteSwiftPackageReference "firebase-ios-sdk" */;
			productName = FirebaseCrashlytics;
		};
		D504510F2C0736F800CD1F46 /* FirebaseDatabase */ = {
			isa = XCSwiftPackageProductDependency;
			package = D50451082C0736F800CD1F46 /* XCRemoteSwiftPackageReference "firebase-ios-sdk" */;
			productName = FirebaseDatabase;
		};
		D50451112C0736F800CD1F46 /* FirebaseDatabaseSwift */ = {
			isa = XCSwiftPackageProductDependency;
			package = D50451082C0736F800CD1F46 /* XCRemoteSwiftPackageReference "firebase-ios-sdk" */;
			productName = FirebaseDatabaseSwift;
		};
		D50451132C0736F800CD1F46 /* FirebaseStorage */ = {
			isa = XCSwiftPackageProductDependency;
			package = D50451082C0736F800CD1F46 /* XCRemoteSwiftPackageReference "firebase-ios-sdk" */;
			productName = FirebaseStorage;
		};
		D50451162C0737FF00CD1F46 /* JGProgressHUD */ = {
			isa = XCSwiftPackageProductDependency;
			package = D50451152C0737FF00CD1F46 /* XCRemoteSwiftPackageReference "JGProgressHUD" */;
			productName = JGProgressHUD;
		};
/* End XCSwiftPackageProductDependency section */
	};
	rootObject = D50450BF2C072DD900CD1F46 /* Project object */;
}
